// !$*UTF8*$!
{
	archiveVersion = 1;
	classes = {
	};
	objectVersion = 50;
	objects = {

/* Begin PBXBuildFile section */
		F72BE238232545FF00BDC5A9 /* SelfieStore.swift in Sources */ = {isa = PBXBuildFile; fileRef = F72BE237232545FF00BDC5A9 /* SelfieStore.swift */; };
		F72BE23A23254A0100BDC5A9 /* SelfieStoreTests.swift in Sources */ = {isa = PBXBuildFile; fileRef = F72BE23923254A0100BDC5A9 /* SelfieStoreTests.swift */; };
		F7638A1D2321571000105C46 /* AppDelegate.swift in Sources */ = {isa = PBXBuildFile; fileRef = F7638A1C2321571000105C46 /* AppDelegate.swift */; };
		F7638A1F2321571000105C46 /* SelfieListViewController.swift in Sources */ = {isa = PBXBuildFile; fileRef = F7638A1E2321571000105C46 /* SelfieListViewController.swift */; };
		F7638A212321571000105C46 /* SelfieDetailViewController.swift in Sources */ = {isa = PBXBuildFile; fileRef = F7638A202321571000105C46 /* SelfieDetailViewController.swift */; };
		F7638A242321571000105C46 /* Main.storyboard in Resources */ = {isa = PBXBuildFile; fileRef = F7638A222321571000105C46 /* Main.storyboard */; };
		F7638A262321571100105C46 /* Assets.xcassets in Resources */ = {isa = PBXBuildFile; fileRef = F7638A252321571100105C46 /* Assets.xcassets */; };
		F7638A292321571100105C46 /* LaunchScreen.storyboard in Resources */ = {isa = PBXBuildFile; fileRef = F7638A272321571100105C46 /* LaunchScreen.storyboard */; };
		F7638A342321571100105C46 /* SelfiegramTests.swift in Sources */ = {isa = PBXBuildFile; fileRef = F7638A332321571100105C46 /* SelfiegramTests.swift */; };
		F7638A3F2321571100105C46 /* SelfiegramUITests.swift in Sources */ = {isa = PBXBuildFile; fileRef = F7638A3E2321571100105C46 /* SelfiegramUITests.swift */; };
/* End PBXBuildFile section */

/* Begin PBXContainerItemProxy section */
		F7638A302321571100105C46 /* PBXContainerItemProxy */ = {
			isa = PBXContainerItemProxy;
			containerPortal = F7638A112321571000105C46 /* Project object */;
			proxyType = 1;
			remoteGlobalIDString = F7638A182321571000105C46;
			remoteInfo = Selfiegram;
		};
		F7638A3B2321571100105C46 /* PBXContainerItemProxy */ = {
			isa = PBXContainerItemProxy;
			containerPortal = F7638A112321571000105C46 /* Project object */;
			proxyType = 1;
			remoteGlobalIDString = F7638A182321571000105C46;
			remoteInfo = Selfiegram;
		};
/* End PBXContainerItemProxy section */

/* Begin PBXFileReference section */
		F72BE237232545FF00BDC5A9 /* SelfieStore.swift */ = {isa = PBXFileReference; lastKnownFileType = sourcecode.swift; path = SelfieStore.swift; sourceTree = "<group>"; };
		F72BE23923254A0100BDC5A9 /* SelfieStoreTests.swift */ = {isa = PBXFileReference; lastKnownFileType = sourcecode.swift; path = SelfieStoreTests.swift; sourceTree = "<group>"; };
		F7638A192321571000105C46 /* Selfiegram.app */ = {isa = PBXFileReference; explicitFileType = wrapper.application; includeInIndex = 0; path = Selfiegram.app; sourceTree = BUILT_PRODUCTS_DIR; };
		F7638A1C2321571000105C46 /* AppDelegate.swift */ = {isa = PBXFileReference; lastKnownFileType = sourcecode.swift; path = AppDelegate.swift; sourceTree = "<group>"; };
		F7638A1E2321571000105C46 /* SelfieListViewController.swift */ = {isa = PBXFileReference; lastKnownFileType = sourcecode.swift; path = SelfieListViewController.swift; sourceTree = "<group>"; };
		F7638A202321571000105C46 /* SelfieDetailViewController.swift */ = {isa = PBXFileReference; lastKnownFileType = sourcecode.swift; path = SelfieDetailViewController.swift; sourceTree = "<group>"; };
		F7638A232321571000105C46 /* Base */ = {isa = PBXFileReference; lastKnownFileType = file.storyboard; name = Base; path = Base.lproj/Main.storyboard; sourceTree = "<group>"; };
		F7638A252321571100105C46 /* Assets.xcassets */ = {isa = PBXFileReference; lastKnownFileType = folder.assetcatalog; path = Assets.xcassets; sourceTree = "<group>"; };
		F7638A282321571100105C46 /* Base */ = {isa = PBXFileReference; lastKnownFileType = file.storyboard; name = Base; path = Base.lproj/LaunchScreen.storyboard; sourceTree = "<group>"; };
		F7638A2A2321571100105C46 /* Info.plist */ = {isa = PBXFileReference; lastKnownFileType = text.plist.xml; path = Info.plist; sourceTree = "<group>"; };
		F7638A2F2321571100105C46 /* SelfiegramTests.xctest */ = {isa = PBXFileReference; explicitFileType = wrapper.cfbundle; includeInIndex = 0; path = SelfiegramTests.xctest; sourceTree = BUILT_PRODUCTS_DIR; };
		F7638A332321571100105C46 /* SelfiegramTests.swift */ = {isa = PBXFileReference; lastKnownFileType = sourcecode.swift; path = SelfiegramTests.swift; sourceTree = "<group>"; };
		F7638A352321571100105C46 /* Info.plist */ = {isa = PBXFileReference; lastKnownFileType = text.plist.xml; path = Info.plist; sourceTree = "<group>"; };
		F7638A3A2321571100105C46 /* SelfiegramUITests.xctest */ = {isa = PBXFileReference; explicitFileType = wrapper.cfbundle; includeInIndex = 0; path = SelfiegramUITests.xctest; sourceTree = BUILT_PRODUCTS_DIR; };
		F7638A3E2321571100105C46 /* SelfiegramUITests.swift */ = {isa = PBXFileReference; lastKnownFileType = sourcecode.swift; path = SelfiegramUITests.swift; sourceTree = "<group>"; };
		F7638A402321571100105C46 /* Info.plist */ = {isa = PBXFileReference; lastKnownFileType = text.plist.xml; path = Info.plist; sourceTree = "<group>"; };
/* End PBXFileReference section */

/* Begin PBXFrameworksBuildPhase section */
		F7638A162321571000105C46 /* Frameworks */ = {
			isa = PBXFrameworksBuildPhase;
			buildActionMask = 2147483647;
			files = (
			);
			runOnlyForDeploymentPostprocessing = 0;
		};
		F7638A2C2321571100105C46 /* Frameworks */ = {
			isa = PBXFrameworksBuildPhase;
			buildActionMask = 2147483647;
			files = (
			);
			runOnlyForDeploymentPostprocessing = 0;
		};
		F7638A372321571100105C46 /* Frameworks */ = {
			isa = PBXFrameworksBuildPhase;
			buildActionMask = 2147483647;
			files = (
			);
			runOnlyForDeploymentPostprocessing = 0;
		};
/* End PBXFrameworksBuildPhase section */

/* Begin PBXGroup section */
		F7638A102321571000105C46 = {
			isa = PBXGroup;
			children = (
				F7638A1B2321571000105C46 /* Selfiegram */,
				F7638A322321571100105C46 /* SelfiegramTests */,
				F7638A3D2321571100105C46 /* SelfiegramUITests */,
				F7638A1A2321571000105C46 /* Products */,
			);
			sourceTree = "<group>";
		};
		F7638A1A2321571000105C46 /* Products */ = {
			isa = PBXGroup;
			children = (
				F7638A192321571000105C46 /* Selfiegram.app */,
				F7638A2F2321571100105C46 /* SelfiegramTests.xctest */,
				F7638A3A2321571100105C46 /* SelfiegramUITests.xctest */,
			);
			name = Products;
			sourceTree = "<group>";
		};
		F7638A1B2321571000105C46 /* Selfiegram */ = {
			isa = PBXGroup;
			children = (
				F7638A1C2321571000105C46 /* AppDelegate.swift */,
				F7638A1E2321571000105C46 /* SelfieListViewController.swift */,
				F7638A202321571000105C46 /* SelfieDetailViewController.swift */,
				F7638A222321571000105C46 /* Main.storyboard */,
				F72BE237232545FF00BDC5A9 /* SelfieStore.swift */,
				F7638A252321571100105C46 /* Assets.xcassets */,
				F7638A272321571100105C46 /* LaunchScreen.storyboard */,
				F7638A2A2321571100105C46 /* Info.plist */,
			);
			path = Selfiegram;
			sourceTree = "<group>";
		};
		F7638A322321571100105C46 /* SelfiegramTests */ = {
			isa = PBXGroup;
			children = (
				F72BE23923254A0100BDC5A9 /* SelfieStoreTests.swift */,
				F7638A332321571100105C46 /* SelfiegramTests.swift */,
				F7638A352321571100105C46 /* Info.plist */,
			);
			path = SelfiegramTests;
			sourceTree = "<group>";
		};
		F7638A3D2321571100105C46 /* SelfiegramUITests */ = {
			isa = PBXGroup;
			children = (
				F7638A3E2321571100105C46 /* SelfiegramUITests.swift */,
				F7638A402321571100105C46 /* Info.plist */,
			);
			path = SelfiegramUITests;
			sourceTree = "<group>";
		};
/* End PBXGroup section */

/* Begin PBXNativeTarget section */
		F7638A182321571000105C46 /* Selfiegram */ = {
			isa = PBXNativeTarget;
			buildConfigurationList = F7638A432321571100105C46 /* Build configuration list for PBXNativeTarget "Selfiegram" */;
			buildPhases = (
				F7638A152321571000105C46 /* Sources */,
				F7638A162321571000105C46 /* Frameworks */,
				F7638A172321571000105C46 /* Resources */,
			);
			buildRules = (
			);
			dependencies = (
			);
			name = Selfiegram;
			productName = Selfiegram;
			productReference = F7638A192321571000105C46 /* Selfiegram.app */;
			productType = "com.apple.product-type.application";
		};
		F7638A2E2321571100105C46 /* SelfiegramTests */ = {
			isa = PBXNativeTarget;
			buildConfigurationList = F7638A462321571100105C46 /* Build configuration list for PBXNativeTarget "SelfiegramTests" */;
			buildPhases = (
				F7638A2B2321571100105C46 /* Sources */,
				F7638A2C2321571100105C46 /* Frameworks */,
				F7638A2D2321571100105C46 /* Resources */,
			);
			buildRules = (
			);
			dependencies = (
				F7638A312321571100105C46 /* PBXTargetDependency */,
			);
			name = SelfiegramTests;
			productName = SelfiegramTests;
			productReference = F7638A2F2321571100105C46 /* SelfiegramTests.xctest */;
			productType = "com.apple.product-type.bundle.unit-test";
		};
		F7638A392321571100105C46 /* SelfiegramUITests */ = {
			isa = PBXNativeTarget;
			buildConfigurationList = F7638A492321571100105C46 /* Build configuration list for PBXNativeTarget "SelfiegramUITests" */;
			buildPhases = (
				F7638A362321571100105C46 /* Sources */,
				F7638A372321571100105C46 /* Frameworks */,
				F7638A382321571100105C46 /* Resources */,
			);
			buildRules = (
			);
			dependencies = (
				F7638A3C2321571100105C46 /* PBXTargetDependency */,
			);
			name = SelfiegramUITests;
			productName = SelfiegramUITests;
			productReference = F7638A3A2321571100105C46 /* SelfiegramUITests.xctest */;
			productType = "com.apple.product-type.bundle.ui-testing";
		};
/* End PBXNativeTarget section */

/* Begin PBXProject section */
		F7638A112321571000105C46 /* Project object */ = {
			isa = PBXProject;
			attributes = {
				LastSwiftUpdateCheck = 1030;
				LastUpgradeCheck = 1030;
				ORGANIZATIONNAME = "Mike Liao";
				TargetAttributes = {
					F7638A182321571000105C46 = {
						CreatedOnToolsVersion = 10.3;
					};
					F7638A2E2321571100105C46 = {
						CreatedOnToolsVersion = 10.3;
						TestTargetID = F7638A182321571000105C46;
					};
					F7638A392321571100105C46 = {
						CreatedOnToolsVersion = 10.3;
						TestTargetID = F7638A182321571000105C46;
					};
				};
			};
			buildConfigurationList = F7638A142321571000105C46 /* Build configuration list for PBXProject "Selfiegram" */;
			compatibilityVersion = "Xcode 9.3";
			developmentRegion = en;
			hasScannedForEncodings = 0;
			knownRegions = (
				en,
				Base,
			);
			mainGroup = F7638A102321571000105C46;
			productRefGroup = F7638A1A2321571000105C46 /* Products */;
			projectDirPath = "";
			projectRoot = "";
			targets = (
				F7638A182321571000105C46 /* Selfiegram */,
				F7638A2E2321571100105C46 /* SelfiegramTests */,
				F7638A392321571100105C46 /* SelfiegramUITests */,
			);
		};
/* End PBXProject section */

/* Begin PBXResourcesBuildPhase section */
		F7638A172321571000105C46 /* Resources */ = {
			isa = PBXResourcesBuildPhase;
			buildActionMask = 2147483647;
			files = (
				F7638A292321571100105C46 /* LaunchScreen.storyboard in Resources */,
				F7638A262321571100105C46 /* Assets.xcassets in Resources */,
				F7638A242321571000105C46 /* Main.storyboard in Resources */,
			);
			runOnlyForDeploymentPostprocessing = 0;
		};
		F7638A2D2321571100105C46 /* Resources */ = {
			isa = PBXResourcesBuildPhase;
			buildActionMask = 2147483647;
			files = (
			);
			runOnlyForDeploymentPostprocessing = 0;
		};
		F7638A382321571100105C46 /* Resources */ = {
			isa = PBXResourcesBuildPhase;
			buildActionMask = 2147483647;
			files = (
			);
			runOnlyForDeploymentPostprocessing = 0;
		};
/* End PBXResourcesBuildPhase section */

/* Begin PBXSourcesBuildPhase section */
		F7638A152321571000105C46 /* Sources */ = {
			isa = PBXSourcesBuildPhase;
			buildActionMask = 2147483647;
			files = (
				F7638A212321571000105C46 /* SelfieDetailViewController.swift in Sources */,
				F72BE238232545FF00BDC5A9 /* SelfieStore.swift in Sources */,
				F7638A1F2321571000105C46 /* SelfieListViewController.swift in Sources */,
				F7638A1D2321571000105C46 /* AppDelegate.swift in Sources */,
			);
			runOnlyForDeploymentPostprocessing = 0;
		};
		F7638A2B2321571100105C46 /* Sources */ = {
			isa = PBXSourcesBuildPhase;
			buildActionMask = 2147483647;
			files = (
				F7638A342321571100105C46 /* SelfiegramTests.swift in Sources */,
				F72BE23A23254A0100BDC5A9 /* SelfieStoreTests.swift in Sources */,
			);
			runOnlyForDeploymentPostprocessing = 0;
		};
		F7638A362321571100105C46 /* Sources */ = {
			isa = PBXSourcesBuildPhase;
			buildActionMask = 2147483647;
			files = (
				F7638A3F2321571100105C46 /* SelfiegramUITests.swift in Sources */,
			);
			runOnlyForDeploymentPostprocessing = 0;
		};
/* End PBXSourcesBuildPhase section */

/* Begin PBXTargetDependency section */
		F7638A312321571100105C46 /* PBXTargetDependency */ = {
			isa = PBXTargetDependency;
			target = F7638A182321571000105C46 /* Selfiegram */;
			targetProxy = F7638A302321571100105C46 /* PBXContainerItemProxy */;
		};
		F7638A3C2321571100105C46 /* PBXTargetDependency */ = {
			isa = PBXTargetDependency;
			target = F7638A182321571000105C46 /* Selfiegram */;
			targetProxy = F7638A3B2321571100105C46 /* PBXContainerItemProxy */;
		};
/* End PBXTargetDependency section */

/* Begin PBXVariantGroup section */
		F7638A222321571000105C46 /* Main.storyboard */ = {
			isa = PBXVariantGroup;
			children = (
				F7638A232321571000105C46 /* Base */,
			);
			name = Main.storyboard;
			sourceTree = "<group>";
		};
		F7638A272321571100105C46 /* LaunchScreen.storyboard */ = {
			isa = PBXVariantGroup;
			children = (
				F7638A282321571100105C46 /* Base */,
			);
			name = LaunchScreen.storyboard;
			sourceTree = "<group>";
		};
/* End PBXVariantGroup section */

/* Begin XCBuildConfiguration section */
		F7638A412321571100105C46 /* Debug */ = {
			isa = XCBuildConfiguration;
			buildSettings = {
				ALWAYS_SEARCH_USER_PATHS = NO;
				CLANG_ANALYZER_NONNULL = YES;
				CLANG_ANALYZER_NUMBER_OBJECT_CONVERSION = YES_AGGRESSIVE;
				CLANG_CXX_LANGUAGE_STANDARD = "gnu++14";
				CLANG_CXX_LIBRARY = "libc++";
				CLANG_ENABLE_MODULES = YES;
				CLANG_ENABLE_OBJC_ARC = YES;
				CLANG_ENABLE_OBJC_WEAK = YES;
				CLANG_WARN_BLOCK_CAPTURE_AUTORELEASING = YES;
				CLANG_WARN_BOOL_CONVERSION = YES;
				CLANG_WARN_COMMA = YES;
				CLANG_WARN_CONSTANT_CONVERSION = YES;
				CLANG_WARN_DEPRECATED_OBJC_IMPLEMENTATIONS = YES;
				CLANG_WARN_DIRECT_OBJC_ISA_USAGE = YES_ERROR;
				CLANG_WARN_DOCUMENTATION_COMMENTS = YES;
				CLANG_WARN_EMPTY_BODY = YES;
				CLANG_WARN_ENUM_CONVERSION = YES;
				CLANG_WARN_INFINITE_RECURSION = YES;
				CLANG_WARN_INT_CONVERSION = YES;
				CLANG_WARN_NON_LITERAL_NULL_CONVERSION = YES;
				CLANG_WARN_OBJC_IMPLICIT_RETAIN_SELF = YES;
				CLANG_WARN_OBJC_LITERAL_CONVERSION = YES;
				CLANG_WARN_OBJC_ROOT_CLASS = YES_ERROR;
				CLANG_WARN_RANGE_LOOP_ANALYSIS = YES;
				CLANG_WARN_STRICT_PROTOTYPES = YES;
				CLANG_WARN_SUSPICIOUS_MOVE = YES;
				CLANG_WARN_UNGUARDED_AVAILABILITY = YES_AGGRESSIVE;
				CLANG_WARN_UNREACHABLE_CODE = YES;
				CLANG_WARN__DUPLICATE_METHOD_MATCH = YES;
				CODE_SIGN_IDENTITY = "iPhone Developer";
				COPY_PHASE_STRIP = NO;
				DEBUG_INFORMATION_FORMAT = dwarf;
				ENABLE_STRICT_OBJC_MSGSEND = YES;
				ENABLE_TESTABILITY = YES;
				GCC_C_LANGUAGE_STANDARD = gnu11;
				GCC_DYNAMIC_NO_PIC = NO;
				GCC_NO_COMMON_BLOCKS = YES;
				GCC_OPTIMIZATION_LEVEL = 0;
				GCC_PREPROCESSOR_DEFINITIONS = (
					"DEBUG=1",
					"$(inherited)",
				);
				GCC_WARN_64_TO_32_BIT_CONVERSION = YES;
				GCC_WARN_ABOUT_RETURN_TYPE = YES_ERROR;
				GCC_WARN_UNDECLARED_SELECTOR = YES;
				GCC_WARN_UNINITIALIZED_AUTOS = YES_AGGRESSIVE;
				GCC_WARN_UNUSED_FUNCTION = YES;
				GCC_WARN_UNUSED_VARIABLE = YES;
				IPHONEOS_DEPLOYMENT_TARGET = 12.4;
				MTL_ENABLE_DEBUG_INFO = INCLUDE_SOURCE;
				MTL_FAST_MATH = YES;
				ONLY_ACTIVE_ARCH = YES;
				SDKROOT = iphoneos;
				SWIFT_ACTIVE_COMPILATION_CONDITIONS = DEBUG;
				SWIFT_OPTIMIZATION_LEVEL = "-Onone";
			};
			name = Debug;
		};
		F7638A422321571100105C46 /* Release */ = {
			isa = XCBuildConfiguration;
			buildSettings = {
				ALWAYS_SEARCH_USER_PATHS = NO;
				CLANG_ANALYZER_NONNULL = YES;
				CLANG_ANALYZER_NUMBER_OBJECT_CONVERSION = YES_AGGRESSIVE;
				CLANG_CXX_LANGUAGE_STANDARD = "gnu++14";
				CLANG_CXX_LIBRARY = "libc++";
				CLANG_ENABLE_MODULES = YES;
				CLANG_ENABLE_OBJC_ARC = YES;
				CLANG_ENABLE_OBJC_WEAK = YES;
				CLANG_WARN_BLOCK_CAPTURE_AUTORELEASING = YES;
				CLANG_WARN_BOOL_CONVERSION = YES;
				CLANG_WARN_COMMA = YES;
				CLANG_WARN_CONSTANT_CONVERSION = YES;
				CLANG_WARN_DEPRECATED_OBJC_IMPLEMENTATIONS = YES;
				CLANG_WARN_DIRECT_OBJC_ISA_USAGE = YES_ERROR;
				CLANG_WARN_DOCUMENTATION_COMMENTS = YES;
				CLANG_WARN_EMPTY_BODY = YES;
				CLANG_WARN_ENUM_CONVERSION = YES;
				CLANG_WARN_INFINITE_RECURSION = YES;
				CLANG_WARN_INT_CONVERSION = YES;
				CLANG_WARN_NON_LITERAL_NULL_CONVERSION = YES;
				CLANG_WARN_OBJC_IMPLICIT_RETAIN_SELF = YES;
				CLANG_WARN_OBJC_LITERAL_CONVERSION = YES;
				CLANG_WARN_OBJC_ROOT_CLASS = YES_ERROR;
				CLANG_WARN_RANGE_LOOP_ANALYSIS = YES;
				CLANG_WARN_STRICT_PROTOTYPES = YES;
				CLANG_WARN_SUSPICIOUS_MOVE = YES;
				CLANG_WARN_UNGUARDED_AVAILABILITY = YES_AGGRESSIVE;
				CLANG_WARN_UNREACHABLE_CODE = YES;
				CLANG_WARN__DUPLICATE_METHOD_MATCH = YES;
				CODE_SIGN_IDENTITY = "iPhone Developer";
				COPY_PHASE_STRIP = NO;
				DEBUG_INFORMATION_FORMAT = "dwarf-with-dsym";
				ENABLE_NS_ASSERTIONS = NO;
				ENABLE_STRICT_OBJC_MSGSEND = YES;
				GCC_C_LANGUAGE_STANDARD = gnu11;
				GCC_NO_COMMON_BLOCKS = YES;
				GCC_WARN_64_TO_32_BIT_CONVERSION = YES;
				GCC_WARN_ABOUT_RETURN_TYPE = YES_ERROR;
				GCC_WARN_UNDECLARED_SELECTOR = YES;
				GCC_WARN_UNINITIALIZED_AUTOS = YES_AGGRESSIVE;
				GCC_WARN_UNUSED_FUNCTION = YES;
				GCC_WARN_UNUSED_VARIABLE = YES;
				IPHONEOS_DEPLOYMENT_TARGET = 12.4;
				MTL_ENABLE_DEBUG_INFO = NO;
				MTL_FAST_MATH = YES;
				SDKROOT = iphoneos;
				SWIFT_COMPILATION_MODE = wholemodule;
				SWIFT_OPTIMIZATION_LEVEL = "-O";
				VALIDATE_PRODUCT = YES;
			};
			name = Release;
		};
		F7638A442321571100105C46 /* Debug */ = {
			isa = XCBuildConfiguration;
			buildSettings = {
				ASSETCATALOG_COMPILER_APPICON_NAME = AppIcon;
				CODE_SIGN_STYLE = Automatic;
				DEVELOPMENT_TEAM = Z8GJU5XTY3;
				INFOPLIST_FILE = Selfiegram/Info.plist;
				LD_RUNPATH_SEARCH_PATHS = (
					"$(inherited)",
					"@executable_path/Frameworks",
				);
				PRODUCT_BUNDLE_IDENTIFIER = ml.Selfiegram;
				PRODUCT_NAME = "$(TARGET_NAME)";
				SWIFT_VERSION = 5.0;
				TARGETED_DEVICE_FAMILY = "1,2";
			};
			name = Debug;
		};
		F7638A452321571100105C46 /* Release */ = {
			isa = XCBuildConfiguration;
			buildSettings = {
				ASSETCATALOG_COMPILER_APPICON_NAME = AppIcon;
				CODE_SIGN_STYLE = Automatic;
				DEVELOPMENT_TEAM = Z8GJU5XTY3;
				INFOPLIST_FILE = Selfiegram/Info.plist;
				LD_RUNPATH_SEARCH_PATHS = (
					"$(inherited)",
					"@executable_path/Frameworks",
				);
				PRODUCT_BUNDLE_IDENTIFIER = ml.Selfiegram;
				PRODUCT_NAME = "$(TARGET_NAME)";
				SWIFT_VERSION = 5.0;
				TARGETED_DEVICE_FAMILY = "1,2";
			};
			name = Release;
		};
		F7638A472321571100105C46 /* Debug */ = {
			isa = XCBuildConfiguration;
			buildSettings = {
				ALWAYS_EMBED_SWIFT_STANDARD_LIBRARIES = YES;
				BUNDLE_LOADER = "$(TEST_HOST)";
				CODE_SIGN_STYLE = Automatic;
				DEVELOPMENT_TEAM = Z8GJU5XTY3;
				INFOPLIST_FILE = SelfiegramTests/Info.plist;
				LD_RUNPATH_SEARCH_PATHS = (
					"$(inherited)",
					"@executable_path/Frameworks",
					"@loader_path/Frameworks",
				);
				PRODUCT_BUNDLE_IDENTIFIER = ml.SelfiegramTests;
				PRODUCT_NAME = "$(TARGET_NAME)";
				SWIFT_VERSION = 5.0;
				TARGETED_DEVICE_FAMILY = "1,2";
				TEST_HOST = "$(BUILT_PRODUCTS_DIR)/Selfiegram.app/Selfiegram";
			};
			name = Debug;
		};
		F7638A482321571100105C46 /* Release */ = {
			isa = XCBuildConfiguration;
			buildSettings = {
				ALWAYS_EMBED_SWIFT_STANDARD_LIBRARIES = YES;
				BUNDLE_LOADER = "$(TEST_HOST)";
				CODE_SIGN_STYLE = Automatic;
				DEVELOPMENT_TEAM = Z8GJU5XTY3;
				INFOPLIST_FILE = SelfiegramTests/Info.plist;
				LD_RUNPATH_SEARCH_PATHS = (
					"$(inherited)",
					"@executable_path/Frameworks",
					"@loader_path/Frameworks",
				);
				PRODUCT_BUNDLE_IDENTIFIER = ml.SelfiegramTests;
				PRODUCT_NAME = "$(TARGET_NAME)";
				SWIFT_VERSION = 5.0;
				TARGETED_DEVICE_FAMILY = "1,2";
				TEST_HOST = "$(BUILT_PRODUCTS_DIR)/Selfiegram.app/Selfiegram";
			};
			name = Release;
		};
		F7638A4A2321571100105C46 /* Debug */ = {
			isa = XCBuildConfiguration;
			buildSettings = {
				ALWAYS_EMBED_SWIFT_STANDARD_LIBRARIES = YES;
				CODE_SIGN_STYLE = Automatic;
				DEVELOPMENT_TEAM = Z8GJU5XTY3;
				INFOPLIST_FILE = SelfiegramUITests/Info.plist;
				LD_RUNPATH_SEARCH_PATHS = (
					"$(inherited)",
					"@executable_path/Frameworks",
					"@loader_path/Frameworks",
				);
				PRODUCT_BUNDLE_IDENTIFIER = ml.SelfiegramUITests;
				PRODUCT_NAME = "$(TARGET_NAME)";
				SWIFT_VERSION = 5.0;
				TARGETED_DEVICE_FAMILY = "1,2";
				TEST_TARGET_NAME = Selfiegram;
			};
			name = Debug;
		};
		F7638A4B2321571100105C46 /* Release */ = {
			isa = XCBuildConfiguration;
			buildSettings = {
				ALWAYS_EMBED_SWIFT_STANDARD_LIBRARIES = YES;
				CODE_SIGN_STYLE = Automatic;
				DEVELOPMENT_TEAM = Z8GJU5XTY3;
				INFOPLIST_FILE = SelfiegramUITests/Info.plist;
				LD_RUNPATH_SEARCH_PATHS = (
					"$(inherited)",
					"@executable_path/Frameworks",
					"@loader_path/Frameworks",
				);
				PRODUCT_BUNDLE_IDENTIFIER = ml.SelfiegramUITests;
				PRODUCT_NAME = "$(TARGET_NAME)";
				SWIFT_VERSION = 5.0;
				TARGETED_DEVICE_FAMILY = "1,2";
				TEST_TARGET_NAME = Selfiegram;
			};
			name = Release;
		};
/* End XCBuildConfiguration section */

/* Begin XCConfigurationList section */
		F7638A142321571000105C46 /* Build configuration list for PBXProject "Selfiegram" */ = {
			isa = XCConfigurationList;
			buildConfigurations = (
				F7638A412321571100105C46 /* Debug */,
				F7638A422321571100105C46 /* Release */,
			);
			defaultConfigurationIsVisible = 0;
			defaultConfigurationName = Release;
		};
		F7638A432321571100105C46 /* Build configuration list for PBXNativeTarget "Selfiegram" */ = {
			isa = XCConfigurationList;
			buildConfigurations = (
				F7638A442321571100105C46 /* Debug */,
				F7638A452321571100105C46 /* Release */,
			);
			defaultConfigurationIsVisible = 0;
			defaultConfigurationName = Release;
		};
		F7638A462321571100105C46 /* Build configuration list for PBXNativeTarget "SelfiegramTests" */ = {
			isa = XCConfigurationList;
			buildConfigurations = (
				F7638A472321571100105C46 /* Debug */,
				F7638A482321571100105C46 /* Release */,
			);
			defaultConfigurationIsVisible = 0;
			defaultConfigurationName = Release;
		};
		F7638A492321571100105C46 /* Build configuration list for PBXNativeTarget "SelfiegramUITests" */ = {
			isa = XCConfigurationList;
			buildConfigurations = (
				F7638A4A2321571100105C46 /* Debug */,
				F7638A4B2321571100105C46 /* Release */,
			);
			defaultConfigurationIsVisible = 0;
			defaultConfigurationName = Release;
		};
/* End XCConfigurationList section */
	};
	rootObject = F7638A112321571000105C46 /* Project object */;
}
